
Microsoft Visual Studio Solution File, Format Version 12.00
# Visual Studio 15
VisualStudioVersion = 15.0.27004.2009
MinimumVisualStudioVersion = 10.0.40219.1
Project("{FAE04EC0-301F-11D3-BF4B-00C04F79EFBC}") = "Module01_CS", "Module01_CS\Module01_CS.csproj", "{ED61EF61-2518-4358-9274-AF90546F16DC}"
EndProject
Project("{2150E333-8FDC-42A3-9474-1A3956D46DE8}") = "PlayGround", "PlayGround", "{614BAE00-84EB-47BC-8C41-71B6E2131A8C}"
EndProject
Project("{2150E333-8FDC-42A3-9474-1A3956D46DE8}") = "Assignments", "Assignments", "{5E1B2542-C3EE-4515-8C83-C8E805B50E0F}"
EndProject
Project("{FAE04EC0-301F-11D3-BF4B-00C04F79EFBC}") = "Module02_HelloWorld", "Module02_HelloWorld\Module02_HelloWorld.csproj", "{3B404ABE-B1C1-4EB1-A581-63703EEFA401}"
EndProject
Project("{FAE04EC0-301F-11D3-BF4B-00C04F79EFBC}") = "Module03_ValueTypes", "Module03_ValueTypes\Module03_ValueTypes.csproj", "{52314A04-A84B-4053-A6DE-837C39AAA4A2}"
EndProject
Project("{FAE04EC0-301F-11D3-BF4B-00C04F79EFBC}") = "Module04_ReferenceTypes", "Module04_ReferenceTypes\Module04_ReferenceTypes.csproj", "{224C681D-ACDD-48F7-9929-4B111EF0D1B9}"
EndProject
Project("{FAE04EC0-301F-11D3-BF4B-00C04F79EFBC}") = "Module05_Methods", "Module05_Methods\Module05_Methods.csproj", "{779B2028-C640-4905-A36D-A83A043ACA82}"
EndProject
Project("{FAE04EC0-301F-11D3-BF4B-00C04F79EFBC}") = "Module08_Inheritance", "Module08_Inheritance\Module08_Inheritance.csproj", "{C6A5C699-6257-4CDE-9C12-70502FDC05E5}"
EndProject
Project("{FAE04EC0-301F-11D3-BF4B-00C04F79EFBC}") = "Module09_ExceptionHandling", "Module09_ExceptionHandling\Module09_ExceptionHandling.csproj", "{BD24CAA3-9A99-4922-B73F-2A1F55486AFF}"
EndProject
Project("{FAE04EC0-301F-11D3-BF4B-00C04F79EFBC}") = "Module10_Interfaces", "Module10_Interfaces\Module10_Interfaces.csproj", "{D483641F-1FC6-47B3-A957-AC7771E1114D}"
EndProject
Project("{FAE04EC0-301F-11D3-BF4B-00C04F79EFBC}") = "Module11_Collections", "Module11_Collections\Module11_Collections.csproj", "{5A6D04FF-61B6-4466-AC97-072ED4CEBA4C}"
EndProject
Project("{FAE04EC0-301F-11D3-BF4B-00C04F79EFBC}") = "Module12_Delegates", "Module12_Delegates\Module12_Delegates.csproj", "{5A1F3DDC-9D77-418A-83F2-DC422391FEB4}"
EndProject
Project("{FAE04EC0-301F-11D3-BF4B-00C04F79EFBC}") = "Module13_Avanced", "Module13_Avanced\Module13_Avanced.csproj", "{1E76C25D-E3DE-46A6-85F2-AD0D99FDD13C}"
EndProject
Project("{FAE04EC0-301F-11D3-BF4B-00C04F79EFBC}") = "Module14_LINQ", "Module14_LINQ\Module14_LINQ.csproj", "{26A8998B-29FB-4676-A5E2-42C60E15D61E}"
EndProject
Project("{FAE04EC0-301F-11D3-BF4B-00C04F79EFBC}") = "Module06_IntroOOP", "Module06_IntroOOP\Module06_IntroOOP.csproj", "{1ADB742F-AFC9-48E4-A036-484829B78DFF}"
EndProject
Project("{FAE04EC0-301F-11D3-BF4B-00C04F79EFBC}") = "Module07_Properties", "Module07_Properties\Module07_Properties.csproj", "{76322B76-8542-4732-B944-23F75E811409}"
EndProject
Project("{FAE04EC0-301F-11D3-BF4B-00C04F79EFBC}") = "Variabler", "Variabler\Variabler.csproj", "{BDBE19BA-6729-4194-872A-E3BCA26309EF}"
EndProject
Project("{FAE04EC0-301F-11D3-BF4B-00C04F79EFBC}") = "Månedsløn", "Månedsløn\Månedsløn.csproj", "{196C2974-BF79-4CE1-A019-9D47C9FB2761}"
EndProject
Project("{FAE04EC0-301F-11D3-BF4B-00C04F79EFBC}") = "Class contra struct", "Class contra strut\Class contra struct.csproj", "{8C2897A4-B2D5-4DB9-B682-F8A452F44D93}"
EndProject
Project("{FAE04EC0-301F-11D3-BF4B-00C04F79EFBC}") = "Leg med strenge", "Leg med strenge\Leg med strenge.csproj", "{D4559E80-AE61-43EC-AB3A-860E3769AA87}"
EndProject
Project("{FAE04EC0-301F-11D3-BF4B-00C04F79EFBC}") = "10 tabel", "10 tabel\10 tabel.csproj", "{CA64DED3-2C8B-4343-B8BF-9A335836903E}"
EndProject
Project("{FAE04EC0-301F-11D3-BF4B-00C04F79EFBC}") = "Test mandag", "ConsoleApp1\Test mandag.csproj", "{B402711D-4CE8-496F-A7D3-8AD00D84933F}"
EndProject
Project("{FAE04EC0-301F-11D3-BF4B-00C04F79EFBC}") = "Opgave 6 MBA", "ConsoleApp2\Opgave 6 MBA.csproj", "{ADE3EADC-40FC-477A-B353-A882DBC87B63}"
EndProject
Project("{FAE04EC0-301F-11D3-BF4B-00C04F79EFBC}") = "Terning", "Terning\Terning.csproj", "{6A4CF51D-BEDC-4240-9969-AE2AC9C9290B}"
EndProject
Project("{FAE04EC0-301F-11D3-BF4B-00C04F79EFBC}") = "Vare", "Vare\Vare.csproj", "{96899DD7-F76B-4C8D-8351-5350853D5E9A}"
EndProject
Project("{FAE04EC0-301F-11D3-BF4B-00C04F79EFBC}") = "Trekant", "Trekant\Trekant.csproj", "{59C1EDCD-42D6-446B-8BB1-F52D663FA46F}"
EndProject
Project("{FAE04EC0-301F-11D3-BF4B-00C04F79EFBC}") = "Statiske metoder", "Statiske metoder\Statiske metoder.csproj", "{16C747F3-1F3C-4482-8F49-614BC2CCC4BA}"
EndProject
Project("{FAE04EC0-301F-11D3-BF4B-00C04F79EFBC}") = "Person", "Person\Person.csproj", "{08F19AF9-B64A-4B68-AC9A-E9C5CBD26A0B}"
EndProject
Project("{FAE04EC0-301F-11D3-BF4B-00C04F79EFBC}") = "PolymorfiOgDyr", "PplumorfiOgDyr\PolymorfiOgDyr.csproj", "{C93684A6-709D-45BD-98E2-9FC651CAE68E}"
EndProject
Project("{FAE04EC0-301F-11D3-BF4B-00C04F79EFBC}") = "Simpel fejlhåndtering", "Simpåel fejlhåndtering\Simpel fejlhåndtering.csproj", "{D9AA5B26-90EF-419C-962F-EDABA4722F37}"
EndProject
Project("{FAE04EC0-301F-11D3-BF4B-00C04F79EFBC}") = "BilApp", "BilApp\BilApp.csproj", "{4C5F87E8-0C51-4D84-AB2F-5CFEEEFB8651}"
EndProject
Project("{FAE04EC0-301F-11D3-BF4B-00C04F79EFBC}") = "Hund", "ConsoleApp5\Hund.csproj", "{1AC5C9F1-732B-459C-92FB-29EDB42E46FF}"
EndProject
Project("{FAE04EC0-301F-11D3-BF4B-00C04F79EFBC}") = "Test hunde", "Test hunde\Test hunde.csproj", "{00FF5EBD-9D94-4A16-8CB4-112A8EABFB79}"
EndProject
Project("{FAE04EC0-301F-11D3-BF4B-00C04F79EFBC}") = "Using", "Using\Using.csproj", "{0C1CB5E0-80DD-411C-984E-B9BF987411C4}"
EndProject
Project("{FAE04EC0-301F-11D3-BF4B-00C04F79EFBC}") = "Bunke", "Bunke\Bunke.csproj", "{64BDD731-C802-41D9-B82F-CDE665163F42}"
EndProject
Project("{FAE04EC0-301F-11D3-BF4B-00C04F79EFBC}") = "Kort", "ConsoleApp6\Kort.csproj", "{D1D3F642-1F3B-4D2C-812B-917EE53B57DA}"
EndProject
Project("{FAE04EC0-301F-11D3-BF4B-00C04F79EFBC}") = "Delegates", "Delegates\Delegates.csproj", "{A1EC037F-E5F7-4919-9746-2724CB4B7C80}"
EndProject
Project("{FAE04EC0-301F-11D3-BF4B-00C04F79EFBC}") = "Delegate 2", "Delegate 2\Delegate 2.csproj", "{1950F80B-07EE-4809-9D7D-A1C0D036649C}"
EndProject
Global
	GlobalSection(SolutionConfigurationPlatforms) = preSolution
		Debug|Any CPU = Debug|Any CPU
		Release|Any CPU = Release|Any CPU
	EndGlobalSection
	GlobalSection(ProjectConfigurationPlatforms) = postSolution
		{ED61EF61-2518-4358-9274-AF90546F16DC}.Debug|Any CPU.ActiveCfg = Debug|Any CPU
		{ED61EF61-2518-4358-9274-AF90546F16DC}.Debug|Any CPU.Build.0 = Debug|Any CPU
		{ED61EF61-2518-4358-9274-AF90546F16DC}.Release|Any CPU.ActiveCfg = Release|Any CPU
		{ED61EF61-2518-4358-9274-AF90546F16DC}.Release|Any CPU.Build.0 = Release|Any CPU
		{3B404ABE-B1C1-4EB1-A581-63703EEFA401}.Debug|Any CPU.ActiveCfg = Debug|Any CPU
		{3B404ABE-B1C1-4EB1-A581-63703EEFA401}.Debug|Any CPU.Build.0 = Debug|Any CPU
		{3B404ABE-B1C1-4EB1-A581-63703EEFA401}.Release|Any CPU.ActiveCfg = Release|Any CPU
		{3B404ABE-B1C1-4EB1-A581-63703EEFA401}.Release|Any CPU.Build.0 = Release|Any CPU
		{52314A04-A84B-4053-A6DE-837C39AAA4A2}.Debug|Any CPU.ActiveCfg = Debug|Any CPU
		{52314A04-A84B-4053-A6DE-837C39AAA4A2}.Debug|Any CPU.Build.0 = Debug|Any CPU
		{52314A04-A84B-4053-A6DE-837C39AAA4A2}.Release|Any CPU.ActiveCfg = Release|Any CPU
		{52314A04-A84B-4053-A6DE-837C39AAA4A2}.Release|Any CPU.Build.0 = Release|Any CPU
		{224C681D-ACDD-48F7-9929-4B111EF0D1B9}.Debug|Any CPU.ActiveCfg = Debug|Any CPU
		{224C681D-ACDD-48F7-9929-4B111EF0D1B9}.Debug|Any CPU.Build.0 = Debug|Any CPU
		{224C681D-ACDD-48F7-9929-4B111EF0D1B9}.Release|Any CPU.ActiveCfg = Release|Any CPU
		{224C681D-ACDD-48F7-9929-4B111EF0D1B9}.Release|Any CPU.Build.0 = Release|Any CPU
		{779B2028-C640-4905-A36D-A83A043ACA82}.Debug|Any CPU.ActiveCfg = Debug|Any CPU
		{779B2028-C640-4905-A36D-A83A043ACA82}.Debug|Any CPU.Build.0 = Debug|Any CPU
		{779B2028-C640-4905-A36D-A83A043ACA82}.Release|Any CPU.ActiveCfg = Release|Any CPU
		{779B2028-C640-4905-A36D-A83A043ACA82}.Release|Any CPU.Build.0 = Release|Any CPU
		{C6A5C699-6257-4CDE-9C12-70502FDC05E5}.Debug|Any CPU.ActiveCfg = Debug|Any CPU
		{C6A5C699-6257-4CDE-9C12-70502FDC05E5}.Debug|Any CPU.Build.0 = Debug|Any CPU
		{C6A5C699-6257-4CDE-9C12-70502FDC05E5}.Release|Any CPU.ActiveCfg = Release|Any CPU
		{C6A5C699-6257-4CDE-9C12-70502FDC05E5}.Release|Any CPU.Build.0 = Release|Any CPU
		{BD24CAA3-9A99-4922-B73F-2A1F55486AFF}.Debug|Any CPU.ActiveCfg = Debug|Any CPU
		{BD24CAA3-9A99-4922-B73F-2A1F55486AFF}.Debug|Any CPU.Build.0 = Debug|Any CPU
		{BD24CAA3-9A99-4922-B73F-2A1F55486AFF}.Release|Any CPU.ActiveCfg = Release|Any CPU
		{BD24CAA3-9A99-4922-B73F-2A1F55486AFF}.Release|Any CPU.Build.0 = Release|Any CPU
		{D483641F-1FC6-47B3-A957-AC7771E1114D}.Debug|Any CPU.ActiveCfg = Debug|Any CPU
		{D483641F-1FC6-47B3-A957-AC7771E1114D}.Debug|Any CPU.Build.0 = Debug|Any CPU
		{D483641F-1FC6-47B3-A957-AC7771E1114D}.Release|Any CPU.ActiveCfg = Release|Any CPU
		{D483641F-1FC6-47B3-A957-AC7771E1114D}.Release|Any CPU.Build.0 = Release|Any CPU
		{5A6D04FF-61B6-4466-AC97-072ED4CEBA4C}.Debug|Any CPU.ActiveCfg = Debug|Any CPU
		{5A6D04FF-61B6-4466-AC97-072ED4CEBA4C}.Debug|Any CPU.Build.0 = Debug|Any CPU
		{5A6D04FF-61B6-4466-AC97-072ED4CEBA4C}.Release|Any CPU.ActiveCfg = Release|Any CPU
		{5A6D04FF-61B6-4466-AC97-072ED4CEBA4C}.Release|Any CPU.Build.0 = Release|Any CPU
		{5A1F3DDC-9D77-418A-83F2-DC422391FEB4}.Debug|Any CPU.ActiveCfg = Debug|Any CPU
		{5A1F3DDC-9D77-418A-83F2-DC422391FEB4}.Debug|Any CPU.Build.0 = Debug|Any CPU
		{5A1F3DDC-9D77-418A-83F2-DC422391FEB4}.Release|Any CPU.ActiveCfg = Release|Any CPU
		{5A1F3DDC-9D77-418A-83F2-DC422391FEB4}.Release|Any CPU.Build.0 = Release|Any CPU
		{1E76C25D-E3DE-46A6-85F2-AD0D99FDD13C}.Debug|Any CPU.ActiveCfg = Debug|Any CPU
		{1E76C25D-E3DE-46A6-85F2-AD0D99FDD13C}.Debug|Any CPU.Build.0 = Debug|Any CPU
		{1E76C25D-E3DE-46A6-85F2-AD0D99FDD13C}.Release|Any CPU.ActiveCfg = Release|Any CPU
		{1E76C25D-E3DE-46A6-85F2-AD0D99FDD13C}.Release|Any CPU.Build.0 = Release|Any CPU
		{26A8998B-29FB-4676-A5E2-42C60E15D61E}.Debug|Any CPU.ActiveCfg = Debug|Any CPU
		{26A8998B-29FB-4676-A5E2-42C60E15D61E}.Debug|Any CPU.Build.0 = Debug|Any CPU
		{26A8998B-29FB-4676-A5E2-42C60E15D61E}.Release|Any CPU.ActiveCfg = Release|Any CPU
		{26A8998B-29FB-4676-A5E2-42C60E15D61E}.Release|Any CPU.Build.0 = Release|Any CPU
		{1ADB742F-AFC9-48E4-A036-484829B78DFF}.Debug|Any CPU.ActiveCfg = Debug|Any CPU
		{1ADB742F-AFC9-48E4-A036-484829B78DFF}.Debug|Any CPU.Build.0 = Debug|Any CPU
		{1ADB742F-AFC9-48E4-A036-484829B78DFF}.Release|Any CPU.ActiveCfg = Release|Any CPU
		{1ADB742F-AFC9-48E4-A036-484829B78DFF}.Release|Any CPU.Build.0 = Release|Any CPU
		{76322B76-8542-4732-B944-23F75E811409}.Debug|Any CPU.ActiveCfg = Debug|Any CPU
		{76322B76-8542-4732-B944-23F75E811409}.Debug|Any CPU.Build.0 = Debug|Any CPU
		{76322B76-8542-4732-B944-23F75E811409}.Release|Any CPU.ActiveCfg = Release|Any CPU
		{76322B76-8542-4732-B944-23F75E811409}.Release|Any CPU.Build.0 = Release|Any CPU
		{BDBE19BA-6729-4194-872A-E3BCA26309EF}.Debug|Any CPU.ActiveCfg = Debug|Any CPU
		{BDBE19BA-6729-4194-872A-E3BCA26309EF}.Debug|Any CPU.Build.0 = Debug|Any CPU
		{BDBE19BA-6729-4194-872A-E3BCA26309EF}.Release|Any CPU.ActiveCfg = Release|Any CPU
		{BDBE19BA-6729-4194-872A-E3BCA26309EF}.Release|Any CPU.Build.0 = Release|Any CPU
		{196C2974-BF79-4CE1-A019-9D47C9FB2761}.Debug|Any CPU.ActiveCfg = Debug|Any CPU
		{196C2974-BF79-4CE1-A019-9D47C9FB2761}.Debug|Any CPU.Build.0 = Debug|Any CPU
		{196C2974-BF79-4CE1-A019-9D47C9FB2761}.Release|Any CPU.ActiveCfg = Release|Any CPU
		{196C2974-BF79-4CE1-A019-9D47C9FB2761}.Release|Any CPU.Build.0 = Release|Any CPU
		{8C2897A4-B2D5-4DB9-B682-F8A452F44D93}.Debug|Any CPU.ActiveCfg = Debug|Any CPU
		{8C2897A4-B2D5-4DB9-B682-F8A452F44D93}.Debug|Any CPU.Build.0 = Debug|Any CPU
		{8C2897A4-B2D5-4DB9-B682-F8A452F44D93}.Release|Any CPU.ActiveCfg = Release|Any CPU
		{8C2897A4-B2D5-4DB9-B682-F8A452F44D93}.Release|Any CPU.Build.0 = Release|Any CPU
		{D4559E80-AE61-43EC-AB3A-860E3769AA87}.Debug|Any CPU.ActiveCfg = Debug|Any CPU
		{D4559E80-AE61-43EC-AB3A-860E3769AA87}.Debug|Any CPU.Build.0 = Debug|Any CPU
		{D4559E80-AE61-43EC-AB3A-860E3769AA87}.Release|Any CPU.ActiveCfg = Release|Any CPU
		{D4559E80-AE61-43EC-AB3A-860E3769AA87}.Release|Any CPU.Build.0 = Release|Any CPU
		{CA64DED3-2C8B-4343-B8BF-9A335836903E}.Debug|Any CPU.ActiveCfg = Debug|Any CPU
		{CA64DED3-2C8B-4343-B8BF-9A335836903E}.Debug|Any CPU.Build.0 = Debug|Any CPU
		{CA64DED3-2C8B-4343-B8BF-9A335836903E}.Release|Any CPU.ActiveCfg = Release|Any CPU
		{CA64DED3-2C8B-4343-B8BF-9A335836903E}.Release|Any CPU.Build.0 = Release|Any CPU
		{B402711D-4CE8-496F-A7D3-8AD00D84933F}.Debug|Any CPU.ActiveCfg = Debug|Any CPU
		{B402711D-4CE8-496F-A7D3-8AD00D84933F}.Debug|Any CPU.Build.0 = Debug|Any CPU
		{B402711D-4CE8-496F-A7D3-8AD00D84933F}.Release|Any CPU.ActiveCfg = Release|Any CPU
		{B402711D-4CE8-496F-A7D3-8AD00D84933F}.Release|Any CPU.Build.0 = Release|Any CPU
		{ADE3EADC-40FC-477A-B353-A882DBC87B63}.Debug|Any CPU.ActiveCfg = Debug|Any CPU
		{ADE3EADC-40FC-477A-B353-A882DBC87B63}.Debug|Any CPU.Build.0 = Debug|Any CPU
		{ADE3EADC-40FC-477A-B353-A882DBC87B63}.Release|Any CPU.ActiveCfg = Release|Any CPU
		{ADE3EADC-40FC-477A-B353-A882DBC87B63}.Release|Any CPU.Build.0 = Release|Any CPU
		{6A4CF51D-BEDC-4240-9969-AE2AC9C9290B}.Debug|Any CPU.ActiveCfg = Debug|Any CPU
		{6A4CF51D-BEDC-4240-9969-AE2AC9C9290B}.Debug|Any CPU.Build.0 = Debug|Any CPU
		{6A4CF51D-BEDC-4240-9969-AE2AC9C9290B}.Release|Any CPU.ActiveCfg = Release|Any CPU
		{6A4CF51D-BEDC-4240-9969-AE2AC9C9290B}.Release|Any CPU.Build.0 = Release|Any CPU
		{96899DD7-F76B-4C8D-8351-5350853D5E9A}.Debug|Any CPU.ActiveCfg = Debug|Any CPU
		{96899DD7-F76B-4C8D-8351-5350853D5E9A}.Debug|Any CPU.Build.0 = Debug|Any CPU
		{96899DD7-F76B-4C8D-8351-5350853D5E9A}.Release|Any CPU.ActiveCfg = Release|Any CPU
		{96899DD7-F76B-4C8D-8351-5350853D5E9A}.Release|Any CPU.Build.0 = Release|Any CPU
		{59C1EDCD-42D6-446B-8BB1-F52D663FA46F}.Debug|Any CPU.ActiveCfg = Debug|Any CPU
		{59C1EDCD-42D6-446B-8BB1-F52D663FA46F}.Debug|Any CPU.Build.0 = Debug|Any CPU
		{59C1EDCD-42D6-446B-8BB1-F52D663FA46F}.Release|Any CPU.ActiveCfg = Release|Any CPU
		{59C1EDCD-42D6-446B-8BB1-F52D663FA46F}.Release|Any CPU.Build.0 = Release|Any CPU
		{16C747F3-1F3C-4482-8F49-614BC2CCC4BA}.Debug|Any CPU.ActiveCfg = Debug|Any CPU
		{16C747F3-1F3C-4482-8F49-614BC2CCC4BA}.Debug|Any CPU.Build.0 = Debug|Any CPU
		{16C747F3-1F3C-4482-8F49-614BC2CCC4BA}.Release|Any CPU.ActiveCfg = Release|Any CPU
		{16C747F3-1F3C-4482-8F49-614BC2CCC4BA}.Release|Any CPU.Build.0 = Release|Any CPU
		{08F19AF9-B64A-4B68-AC9A-E9C5CBD26A0B}.Debug|Any CPU.ActiveCfg = Debug|Any CPU
		{08F19AF9-B64A-4B68-AC9A-E9C5CBD26A0B}.Debug|Any CPU.Build.0 = Debug|Any CPU
		{08F19AF9-B64A-4B68-AC9A-E9C5CBD26A0B}.Release|Any CPU.ActiveCfg = Release|Any CPU
		{08F19AF9-B64A-4B68-AC9A-E9C5CBD26A0B}.Release|Any CPU.Build.0 = Release|Any CPU
		{C93684A6-709D-45BD-98E2-9FC651CAE68E}.Debug|Any CPU.ActiveCfg = Debug|Any CPU
		{C93684A6-709D-45BD-98E2-9FC651CAE68E}.Debug|Any CPU.Build.0 = Debug|Any CPU
		{C93684A6-709D-45BD-98E2-9FC651CAE68E}.Release|Any CPU.ActiveCfg = Release|Any CPU
		{C93684A6-709D-45BD-98E2-9FC651CAE68E}.Release|Any CPU.Build.0 = Release|Any CPU
		{D9AA5B26-90EF-419C-962F-EDABA4722F37}.Debug|Any CPU.ActiveCfg = Debug|Any CPU
		{D9AA5B26-90EF-419C-962F-EDABA4722F37}.Debug|Any CPU.Build.0 = Debug|Any CPU
		{D9AA5B26-90EF-419C-962F-EDABA4722F37}.Release|Any CPU.ActiveCfg = Release|Any CPU
		{D9AA5B26-90EF-419C-962F-EDABA4722F37}.Release|Any CPU.Build.0 = Release|Any CPU
		{4C5F87E8-0C51-4D84-AB2F-5CFEEEFB8651}.Debug|Any CPU.ActiveCfg = Debug|Any CPU
		{4C5F87E8-0C51-4D84-AB2F-5CFEEEFB8651}.Debug|Any CPU.Build.0 = Debug|Any CPU
		{4C5F87E8-0C51-4D84-AB2F-5CFEEEFB8651}.Release|Any CPU.ActiveCfg = Release|Any CPU
		{4C5F87E8-0C51-4D84-AB2F-5CFEEEFB8651}.Release|Any CPU.Build.0 = Release|Any CPU
		{1AC5C9F1-732B-459C-92FB-29EDB42E46FF}.Debug|Any CPU.ActiveCfg = Debug|Any CPU
		{1AC5C9F1-732B-459C-92FB-29EDB42E46FF}.Debug|Any CPU.Build.0 = Debug|Any CPU
		{1AC5C9F1-732B-459C-92FB-29EDB42E46FF}.Release|Any CPU.ActiveCfg = Release|Any CPU
		{1AC5C9F1-732B-459C-92FB-29EDB42E46FF}.Release|Any CPU.Build.0 = Release|Any CPU
		{00FF5EBD-9D94-4A16-8CB4-112A8EABFB79}.Debug|Any CPU.ActiveCfg = Debug|Any CPU
		{00FF5EBD-9D94-4A16-8CB4-112A8EABFB79}.Debug|Any CPU.Build.0 = Debug|Any CPU
		{00FF5EBD-9D94-4A16-8CB4-112A8EABFB79}.Release|Any CPU.ActiveCfg = Release|Any CPU
		{00FF5EBD-9D94-4A16-8CB4-112A8EABFB79}.Release|Any CPU.Build.0 = Release|Any CPU
		{0C1CB5E0-80DD-411C-984E-B9BF987411C4}.Debug|Any CPU.ActiveCfg = Debug|Any CPU
		{0C1CB5E0-80DD-411C-984E-B9BF987411C4}.Debug|Any CPU.Build.0 = Debug|Any CPU
		{0C1CB5E0-80DD-411C-984E-B9BF987411C4}.Release|Any CPU.ActiveCfg = Release|Any CPU
		{0C1CB5E0-80DD-411C-984E-B9BF987411C4}.Release|Any CPU.Build.0 = Release|Any CPU
		{64BDD731-C802-41D9-B82F-CDE665163F42}.Debug|Any CPU.ActiveCfg = Debug|Any CPU
		{64BDD731-C802-41D9-B82F-CDE665163F42}.Debug|Any CPU.Build.0 = Debug|Any CPU
		{64BDD731-C802-41D9-B82F-CDE665163F42}.Release|Any CPU.ActiveCfg = Release|Any CPU
		{64BDD731-C802-41D9-B82F-CDE665163F42}.Release|Any CPU.Build.0 = Release|Any CPU
		{D1D3F642-1F3B-4D2C-812B-917EE53B57DA}.Debug|Any CPU.ActiveCfg = Debug|Any CPU
		{D1D3F642-1F3B-4D2C-812B-917EE53B57DA}.Debug|Any CPU.Build.0 = Debug|Any CPU
		{D1D3F642-1F3B-4D2C-812B-917EE53B57DA}.Release|Any CPU.ActiveCfg = Release|Any CPU
		{D1D3F642-1F3B-4D2C-812B-917EE53B57DA}.Release|Any CPU.Build.0 = Release|Any CPU
		{A1EC037F-E5F7-4919-9746-2724CB4B7C80}.Debug|Any CPU.ActiveCfg = Debug|Any CPU
		{A1EC037F-E5F7-4919-9746-2724CB4B7C80}.Debug|Any CPU.Build.0 = Debug|Any CPU
		{A1EC037F-E5F7-4919-9746-2724CB4B7C80}.Release|Any CPU.ActiveCfg = Release|Any CPU
		{A1EC037F-E5F7-4919-9746-2724CB4B7C80}.Release|Any CPU.Build.0 = Release|Any CPU
		{1950F80B-07EE-4809-9D7D-A1C0D036649C}.Debug|Any CPU.ActiveCfg = Debug|Any CPU
		{1950F80B-07EE-4809-9D7D-A1C0D036649C}.Debug|Any CPU.Build.0 = Debug|Any CPU
		{1950F80B-07EE-4809-9D7D-A1C0D036649C}.Release|Any CPU.ActiveCfg = Release|Any CPU
		{1950F80B-07EE-4809-9D7D-A1C0D036649C}.Release|Any CPU.Build.0 = Release|Any CPU
	EndGlobalSection
	GlobalSection(SolutionProperties) = preSolution
		HideSolutionNode = FALSE
	EndGlobalSection
	GlobalSection(NestedProjects) = preSolution
		{ED61EF61-2518-4358-9274-AF90546F16DC} = {614BAE00-84EB-47BC-8C41-71B6E2131A8C}
		{3B404ABE-B1C1-4EB1-A581-63703EEFA401} = {614BAE00-84EB-47BC-8C41-71B6E2131A8C}
		{52314A04-A84B-4053-A6DE-837C39AAA4A2} = {614BAE00-84EB-47BC-8C41-71B6E2131A8C}
		{224C681D-ACDD-48F7-9929-4B111EF0D1B9} = {614BAE00-84EB-47BC-8C41-71B6E2131A8C}
		{779B2028-C640-4905-A36D-A83A043ACA82} = {614BAE00-84EB-47BC-8C41-71B6E2131A8C}
		{C6A5C699-6257-4CDE-9C12-70502FDC05E5} = {614BAE00-84EB-47BC-8C41-71B6E2131A8C}
		{BD24CAA3-9A99-4922-B73F-2A1F55486AFF} = {614BAE00-84EB-47BC-8C41-71B6E2131A8C}
		{D483641F-1FC6-47B3-A957-AC7771E1114D} = {614BAE00-84EB-47BC-8C41-71B6E2131A8C}
		{5A6D04FF-61B6-4466-AC97-072ED4CEBA4C} = {614BAE00-84EB-47BC-8C41-71B6E2131A8C}
		{5A1F3DDC-9D77-418A-83F2-DC422391FEB4} = {614BAE00-84EB-47BC-8C41-71B6E2131A8C}
		{1E76C25D-E3DE-46A6-85F2-AD0D99FDD13C} = {614BAE00-84EB-47BC-8C41-71B6E2131A8C}
		{26A8998B-29FB-4676-A5E2-42C60E15D61E} = {614BAE00-84EB-47BC-8C41-71B6E2131A8C}
		{1ADB742F-AFC9-48E4-A036-484829B78DFF} = {614BAE00-84EB-47BC-8C41-71B6E2131A8C}
		{76322B76-8542-4732-B944-23F75E811409} = {614BAE00-84EB-47BC-8C41-71B6E2131A8C}
		{BDBE19BA-6729-4194-872A-E3BCA26309EF} = {5E1B2542-C3EE-4515-8C83-C8E805B50E0F}
		{196C2974-BF79-4CE1-A019-9D47C9FB2761} = {5E1B2542-C3EE-4515-8C83-C8E805B50E0F}
		{8C2897A4-B2D5-4DB9-B682-F8A452F44D93} = {5E1B2542-C3EE-4515-8C83-C8E805B50E0F}
		{D4559E80-AE61-43EC-AB3A-860E3769AA87} = {5E1B2542-C3EE-4515-8C83-C8E805B50E0F}
		{CA64DED3-2C8B-4343-B8BF-9A335836903E} = {5E1B2542-C3EE-4515-8C83-C8E805B50E0F}
		{B402711D-4CE8-496F-A7D3-8AD00D84933F} = {5E1B2542-C3EE-4515-8C83-C8E805B50E0F}
		{ADE3EADC-40FC-477A-B353-A882DBC87B63} = {5E1B2542-C3EE-4515-8C83-C8E805B50E0F}
		{6A4CF51D-BEDC-4240-9969-AE2AC9C9290B} = {5E1B2542-C3EE-4515-8C83-C8E805B50E0F}
	EndGlobalSection
	GlobalSection(ExtensibilityGlobals) = postSolution
		SolutionGuid = {A5354BDA-3E12-4F48-8A32-DAFA5BEC4AA4}
	EndGlobalSection
EndGlobal
